{
  "nodes": {
    "home-manager": {
      "inputs": {
        "nixpkgs": [
          "nixpkgs"
        ]
      },
      "locked": {
        "lastModified": 1725180166,
        "narHash": "sha256-fzssXuGR/mCeGbzM1ExaTqDz7QDGta3WA4jJsZyRruo=",
        "owner": "nix-community",
        "repo": "home-manager",
        "rev": "471e3eb0a114265bcd62d11d58ba8d3421ee68eb",
        "type": "github"
      },
      "original": {
        "id": "home-manager",
        "type": "indirect"
      }
    },
    "nix-darwin": {
      "inputs": {
        "nixpkgs": [
          "nixpkgs"
        ]
      },
      "locked": {
        "lastModified": 1725544312,
        "narHash": "sha256-ETyDNLOF5YvFO2lVlKttXgdHTqSGdp9ZCRRCjv2gaoM=",
        "owner": "LnL7",
        "repo": "nix-darwin",
        "rev": "a55b3f1ab41bb6d5025ebeebb4da5fd240b9b3b3",
        "type": "github"
      },
      "original": {
        "id": "nix-darwin",
        "type": "indirect"
      }
    },
    "nixpkgs": {
      "locked": {
        "lastModified": 1725503534,
        "narHash": "sha256-hd1eRyPtTkRnAPYpnEfzugQwAifVYMmOR3z+MTTSw+g=",
        "owner": "NixOS",
        "repo": "nixpkgs",
        "rev": "fcb54ddcc974cff59bdfb7c1ac9e080299763d2d",
        "type": "github"
      },
      "original": {
        "id": "nixpkgs",
        "ref": "nixpkgs-unstable",
        "type": "indirect"
      }
    },
    "root": {
      "inputs": {
        "home-manager": "home-manager",
        "nix-darwin": "nix-darwin",
        "nixpkgs": "nixpkgs"
      }
    }
  },
  "root": "root",
  "version": 7
}
