{
  "nodes": {
    "flake-utils": {
      "inputs": {
        "systems": "systems"
      },
      "locked": {
        "lastModified": 1731533236,
        "narHash": "sha256-l0KFg5HjrsfsO/JpG+r7fRrqm12kzFHyUHqHCVpMMbI=",
        "owner": "numtide",
        "repo": "flake-utils",
        "rev": "11707dc2f618dd54ca8739b309ec4fc024de578b",
        "type": "github"
      },
      "original": {
        "owner": "numtide",
        "repo": "flake-utils",
        "type": "github"
      }
    },
    "fred-mcp": {
      "inputs": {
        "nixpkgs": "nixpkgs"
      },
      "locked": {
        "lastModified": 1778120670,
        "narHash": "sha256-K87np9XC9ByOMIFesmUG6rCP9RVd6u94YjhOXLPuF6Q=",
        "owner": "shanehull",
        "repo": "fred-mcp",
        "rev": "765b31f69c0e4645de1bd3b5694c5a2b7652703d",
        "type": "github"
      },
      "original": {
        "owner": "shanehull",
        "repo": "fred-mcp",
        "type": "github"
      }
    },
    "home-manager": {
      "inputs": {
        "nixpkgs": [
          "nixpkgs"
        ]
      },
      "locked": {
        "lastModified": 1778110974,
        "narHash": "sha256-7V7bW5uZSdKPRmemMQUulXRffnlnjRj5N/HGHOsOda8=",
        "owner": "nix-community",
        "repo": "home-manager",
        "rev": "75fac363324f18d2b83a30fd916e509d2a02fb0e",
        "type": "github"
      },
      "original": {
        "id": "home-manager",
        "type": "indirect"
      }
    },
    "nix-darwin": {
      "inputs": {
        "nixpkgs": [
          "nixpkgs"
        ]
      },
      "locked": {
        "lastModified": 1777780666,
        "narHash": "sha256-8wURyQMdDkGUarSTKOGdCuFfYiwa3HbzwscUfn3STDE=",
        "owner": "nix-darwin",
        "repo": "nix-darwin",
        "rev": "8c62fba0854ba15c8917aed18894dbccb48a3777",
        "type": "github"
      },
      "original": {
        "id": "nix-darwin",
        "type": "indirect"
      }
    },
    "nixpkgs": {
      "locked": {
        "lastModified": 1778036283,
        "narHash": "sha256-62EWg6lI0qyzm7oAx5cAnGkLutvJsRBe0KkEW2JDZCE=",
        "owner": "NixOS",
        "repo": "nixpkgs",
        "rev": "ed67bc86e84e51d4a88e73c7fd36006dc876476f",
        "type": "github"
      },
      "original": {
        "owner": "NixOS",
        "ref": "nixpkgs-unstable",
        "repo": "nixpkgs",
        "type": "github"
      }
    },
    "nixpkgs_2": {
      "locked": {
        "lastModified": 1778036283,
        "narHash": "sha256-62EWg6lI0qyzm7oAx5cAnGkLutvJsRBe0KkEW2JDZCE=",
        "owner": "NixOS",
        "repo": "nixpkgs",
        "rev": "ed67bc86e84e51d4a88e73c7fd36006dc876476f",
        "type": "github"
      },
      "original": {
        "owner": "NixOS",
        "ref": "nixpkgs-unstable",
        "repo": "nixpkgs",
        "type": "github"
      }
    },
    "nixpkgs_3": {
      "locked": {
        "lastModified": 1776683584,
        "narHash": "sha256-NuTLMrr10Tng72hurYG8jYQ4XKK8wnpJmOGcPiis96g=",
        "owner": "NixOS",
        "repo": "nixpkgs",
        "rev": "9dd5558b06dbdacbf635a3dd36dce1b1a7ee3a89",
        "type": "github"
      },
      "original": {
        "owner": "NixOS",
        "ref": "nixpkgs-unstable",
        "repo": "nixpkgs",
        "type": "github"
      }
    },
    "nixpkgs_4": {
      "locked": {
        "lastModified": 1769188852,
        "narHash": "sha256-aBAGyMum27K7cP5OR7BMioJOF3icquJMZDDgk6ZEg1A=",
        "owner": "NixOS",
        "repo": "nixpkgs",
        "rev": "a1bab9e494f5f4939442a57a58d0449a109593fe",
        "type": "github"
      },
      "original": {
        "owner": "NixOS",
        "ref": "nixpkgs-unstable",
        "repo": "nixpkgs",
        "type": "github"
      }
    },
    "opencode": {
      "inputs": {
        "nixpkgs": "nixpkgs_3"
      },
      "locked": {
        "lastModified": 1778122876,
        "narHash": "sha256-Mgtq8a/rp1lxrIqFimqqu4CNE93XZE6uWIvgje2shto=",
        "owner": "anomalyco",
        "repo": "opencode",
        "rev": "0b702704ae199fc7952f6a81d3816b09a0ff4645",
        "type": "github"
      },
      "original": {
        "owner": "anomalyco",
        "repo": "opencode",
        "type": "github"
      }
    },
    "qmd": {
      "inputs": {
        "flake-utils": "flake-utils",
        "nixpkgs": "nixpkgs_4"
      },
      "locked": {
        "lastModified": 1777767393,
        "narHash": "sha256-rVDtAG/gzol5J2ffTjj2GVt9hQ5MPt6BDntrrXFc2c8=",
        "owner": "tobi",
        "repo": "qmd",
        "rev": "d58fedf4b5785ccbdcdc92f7ab7b8b175801d6e5",
        "type": "github"
      },
      "original": {
        "owner": "tobi",
        "repo": "qmd",
        "type": "github"
      }
    },
    "root": {
      "inputs": {
        "fred-mcp": "fred-mcp",
        "home-manager": "home-manager",
        "nix-darwin": "nix-darwin",
        "nixpkgs": "nixpkgs_2",
        "opencode": "opencode",
        "qmd": "qmd"
      }
    },
    "systems": {
      "locked": {
        "lastModified": 1681028828,
        "narHash": "sha256-Vy1rq5AaRuLzOxct8nz4T6wlgyUR7zLU309k9mBC768=",
        "owner": "nix-systems",
        "repo": "default",
        "rev": "da67096a3b9bf56a91d16901293e51ba5b49a27e",
        "type": "github"
      },
      "original": {
        "owner": "nix-systems",
        "repo": "default",
        "type": "github"
      }
    }
  },
  "root": "root",
  "version": 7
}
